// !$*UTF8*$!
{
	archiveVersion = 1;
	classes = {
	};
	objectVersion = 48;
	objects = {

/* Begin PBXBuildFile section */
		AFDA8DEC206D63C600FB5284 /* AppDelegate.swift in Sources */ = {isa = PBXBuildFile; fileRef = AFDA8DEB206D63C600FB5284 /* AppDelegate.swift */; };
		AFDA8DEE206D63C600FB5284 /* ViewController.swift in Sources */ = {isa = PBXBuildFile; fileRef = AFDA8DED206D63C600FB5284 /* ViewController.swift */; };
		AFDA8DF1206D63C600FB5284 /* Main.storyboard in Resources */ = {isa = PBXBuildFile; fileRef = AFDA8DEF206D63C600FB5284 /* Main.storyboard */; };
		AFDA8DF4206D63C600FB5284 /* appleCore.xcdatamodeld in Sources */ = {isa = PBXBuildFile; fileRef = AFDA8DF2206D63C600FB5284 /* appleCore.xcdatamodeld */; };
		AFDA8DF6206D63C600FB5284 /* Assets.xcassets in Resources */ = {isa = PBXBuildFile; fileRef = AFDA8DF5206D63C600FB5284 /* Assets.xcassets */; };
		AFDA8DF9206D63C600FB5284 /* LaunchScreen.storyboard in Resources */ = {isa = PBXBuildFile; fileRef = AFDA8DF7206D63C600FB5284 /* LaunchScreen.storyboard */; };
/* End PBXBuildFile section */

/* Begin PBXFileReference section */
		AFDA8DE8206D63C600FB5284 /* appleCore.app */ = {isa = PBXFileReference; explicitFileType = wrapper.application; includeInIndex = 0; path = appleCore.app; sourceTree = BUILT_PRODUCTS_DIR; };
		AFDA8DEB206D63C600FB5284 /* AppDelegate.swift */ = {isa = PBXFileReference; lastKnownFileType = sourcecode.swift; path = AppDelegate.swift; sourceTree = "<group>"; };
		AFDA8DED206D63C600FB5284 /* ViewController.swift */ = {isa = PBXFileReference; lastKnownFileType = sourcecode.swift; path = ViewController.swift; sourceTree = "<group>"; };
		AFDA8DF0206D63C600FB5284 /* Base */ = {isa = PBXFileReference; lastKnownFileType = file.storyboard; name = Base; path = Base.lproj/Main.storyboard; sourceTree = "<group>"; };
		AFDA8DF3206D63C600FB5284 /* appleCore.xcdatamodel */ = {isa = PBXFileReference; lastKnownFileType = wrapper.xcdatamodel; path = appleCore.xcdatamodel; sourceTree = "<group>"; };
		AFDA8DF5206D63C600FB5284 /* Assets.xcassets */ = {isa = PBXFileReference; lastKnownFileType = folder.assetcatalog; path = Assets.xcassets; sourceTree = "<group>"; };
		AFDA8DF8206D63C600FB5284 /* Base */ = {isa = PBXFileReference; lastKnownFileType = file.storyboard; name = Base; path = Base.lproj/LaunchScreen.storyboard; sourceTree = "<group>"; };
		AFDA8DFA206D63C600FB5284 /* Info.plist */ = {isa = PBXFileReference; lastKnownFileType = text.plist.xml; path = Info.plist; sourceTree = "<group>"; };
/* End PBXFileReference section */

/* Begin PBXFrameworksBuildPhase section */
		AFDA8DE5206D63C600FB5284 /* Frameworks */ = {
			isa = PBXFrameworksBuildPhase;
			buildActionMask = 2147483647;
			files = (
			);
			runOnlyForDeploymentPostprocessing = 0;
		};
/* End PBXFrameworksBuildPhase section */

/* Begin PBXGroup section */
		AFDA8DDF206D63C600FB5284 = {
			isa = PBXGroup;
			children = (
				AFDA8DEA206D63C600FB5284 /* appleCore */,
				AFDA8DE9206D63C600FB5284 /* Products */,
			);
			sourceTree = "<group>";
		};
		AFDA8DE9206D63C600FB5284 /* Products */ = {
			isa = PBXGroup;
			children = (
				AFDA8DE8206D63C600FB5284 /* appleCore.app */,
			);
			name = Products;
			sourceTree = "<group>";
		};
		AFDA8DEA206D63C600FB5284 /* appleCore */ = {
			isa = PBXGroup;
			children = (
				AFDA8DEB206D63C600FB5284 /* AppDelegate.swift */,
				AFDA8DED206D63C600FB5284 /* ViewController.swift */,
				AFDA8DEF206D63C600FB5284 /* Main.storyboard */,
				AFDA8DF5206D63C600FB5284 /* Assets.xcassets */,
				AFDA8DF7206D63C600FB5284 /* LaunchScreen.storyboard */,
				AFDA8DFA206D63C600FB5284 /* Info.plist */,
				AFDA8DF2206D63C600FB5284 /* appleCore.xcdatamodeld */,
			);
			path = appleCore;
			sourceTree = "<group>";
		};
/* End PBXGroup section */

/* Begin PBXNativeTarget section */
		AFDA8DE7206D63C600FB5284 /* appleCore */ = {
			isa = PBXNativeTarget;
			buildConfigurationList = AFDA8DFD206D63C600FB5284 /* Build configuration list for PBXNativeTarget "appleCore" */;
			buildPhases = (
				AFDA8DE4206D63C600FB5284 /* Sources */,
				AFDA8DE5206D63C600FB5284 /* Frameworks */,
				AFDA8DE6206D63C600FB5284 /* Resources */,
			);
			buildRules = (
			);
			dependencies = (
			);
			name = appleCore;
			productName = appleCore;
			productReference = AFDA8DE8206D63C600FB5284 /* appleCore.app */;
			productType = "com.apple.product-type.application";
		};
/* End PBXNativeTarget section */

/* Begin PBXProject section */
		AFDA8DE0206D63C600FB5284 /* Project object */ = {
			isa = PBXProject;
			attributes = {
				LastSwiftUpdateCheck = 0920;
				LastUpgradeCheck = 0920;
				ORGANIZATIONNAME = Northwest;
				TargetAttributes = {
					AFDA8DE7206D63C600FB5284 = {
						CreatedOnToolsVersion = 9.2;
						ProvisioningStyle = Automatic;
					};
				};
			};
			buildConfigurationList = AFDA8DE3206D63C600FB5284 /* Build configuration list for PBXProject "appleCore" */;
			compatibilityVersion = "Xcode 8.0";
			developmentRegion = en;
			hasScannedForEncodings = 0;
			knownRegions = (
				en,
				Base,
			);
			mainGroup = AFDA8DDF206D63C600FB5284;
			productRefGroup = AFDA8DE9206D63C600FB5284 /* Products */;
			projectDirPath = "";
			projectRoot = "";
			targets = (
				AFDA8DE7206D63C600FB5284 /* appleCore */,
			);
		};
/* End PBXProject section */

/* Begin PBXResourcesBuildPhase section */
		AFDA8DE6206D63C600FB5284 /* Resources */ = {
			isa = PBXResourcesBuildPhase;
			buildActionMask = 2147483647;
			files = (
				AFDA8DF9206D63C600FB5284 /* LaunchScreen.storyboard in Resources */,
				AFDA8DF6206D63C600FB5284 /* Assets.xcassets in Resources */,
				AFDA8DF1206D63C600FB5284 /* Main.storyboard in Resources */,
			);
			runOnlyForDeploymentPostprocessing = 0;
		};
/* End PBXResourcesBuildPhase section */

/* Begin PBXSourcesBuildPhase section */
		AFDA8DE4206D63C600FB5284 /* Sources */ = {
			isa = PBXSourcesBuildPhase;
			buildActionMask = 2147483647;
			files = (
				AFDA8DEE206D63C600FB5284 /* ViewController.swift in Sources */,
				AFDA8DF4206D63C600FB5284 /* appleCore.xcdatamodeld in Sources */,
				AFDA8DEC206D63C600FB5284 /* AppDelegate.swift in Sources */,
			);
			runOnlyForDeploymentPostprocessing = 0;
		};
/* End PBXSourcesBuildPhase section */

/* Begin PBXVariantGroup section */
		AFDA8DEF206D63C600FB5284 /* Main.storyboard */ = {
			isa = PBXVariantGroup;
			children = (
				AFDA8DF0206D63C600FB5284 /* Base */,
			);
			name = Main.storyboard;
			sourceTree = "<group>";
		};
		AFDA8DF7206D63C600FB5284 /* LaunchScreen.storyboard */ = {
			isa = PBXVariantGroup;
			children = (
				AFDA8DF8206D63C600FB5284 /* Base */,
			);
			name = LaunchScreen.storyboard;
			sourceTree = "<group>";
		};
/* End PBXVariantGroup section */

/* Begin XCBuildConfiguration section */
		AFDA8DFB206D63C600FB5284 /* Debug */ = {
			isa = XCBuildConfiguration;
			buildSettings = {
				ALWAYS_SEARCH_USER_PATHS = NO;
				CLANG_ANALYZER_NONNULL = YES;
				CLANG_ANALYZER_NUMBER_OBJECT_CONVERSION = YES_AGGRESSIVE;
				CLANG_CXX_LANGUAGE_STANDARD = "gnu++14";
				CLANG_CXX_LIBRARY = "libc++";
				CLANG_ENABLE_MODULES = YES;
				CLANG_ENABLE_OBJC_ARC = YES;
				CLANG_WARN_BLOCK_CAPTURE_AUTORELEASING = YES;
				CLANG_WARN_BOOL_CONVERSION = YES;
				CLANG_WARN_COMMA = YES;
				CLANG_WARN_CONSTANT_CONVERSION = YES;
				CLANG_WARN_DIRECT_OBJC_ISA_USAGE = YES_ERROR;
				CLANG_WARN_DOCUMENTATION_COMMENTS = YES;
				CLANG_WARN_EMPTY_BODY = YES;
				CLANG_WARN_ENUM_CONVERSION = YES;
				CLANG_WARN_INFINITE_RECURSION = YES;
				CLANG_WARN_INT_CONVERSION = YES;
				CLANG_WARN_NON_LITERAL_NULL_CONVERSION = YES;
				CLANG_WARN_OBJC_LITERAL_CONVERSION = YES;
				CLANG_WARN_OBJC_ROOT_CLASS = YES_ERROR;
				CLANG_WARN_RANGE_LOOP_ANALYSIS = YES;
				CLANG_WARN_STRICT_PROTOTYPES = YES;
				CLANG_WARN_SUSPICIOUS_MOVE = YES;
				CLANG_WARN_UNGUARDED_AVAILABILITY = YES_AGGRESSIVE;
				CLANG_WARN_UNREACHABLE_CODE = YES;
				CLANG_WARN__DUPLICATE_METHOD_MATCH = YES;
				CODE_SIGN_IDENTITY = "iPhone Developer";
				COPY_PHASE_STRIP = NO;
				DEBUG_INFORMATION_FORMAT = dwarf;
				ENABLE_STRICT_OBJC_MSGSEND = YES;
				ENABLE_TESTABILITY = YES;
				GCC_C_LANGUAGE_STANDARD = gnu11;
				GCC_DYNAMIC_NO_PIC = NO;
				GCC_NO_COMMON_BLOCKS = YES;
				GCC_OPTIMIZATION_LEVEL = 0;
				GCC_PREPROCESSOR_DEFINITIONS = (
					"DEBUG=1",
					"$(inherited)",
				);
				GCC_WARN_64_TO_32_BIT_CONVERSION = YES;
				GCC_WARN_ABOUT_RETURN_TYPE = YES_ERROR;
				GCC_WARN_UNDECLARED_SELECTOR = YES;
				GCC_WARN_UNINITIALIZED_AUTOS = YES_AGGRESSIVE;
				GCC_WARN_UNUSED_FUNCTION = YES;
				GCC_WARN_UNUSED_VARIABLE = YES;
				IPHONEOS_DEPLOYMENT_TARGET = 11.2;
				MTL_ENABLE_DEBUG_INFO = YES;
				ONLY_ACTIVE_ARCH = YES;
				SDKROOT = iphoneos;
				SWIFT_ACTIVE_COMPILATION_CONDITIONS = DEBUG;
				SWIFT_OPTIMIZATION_LEVEL = "-Onone";
			};
			name = Debug;
		};
		AFDA8DFC206D63C600FB5284 /* Release */ = {
			isa = XCBuildConfiguration;
			buildSettings = {
				ALWAYS_SEARCH_USER_PATHS = NO;
				CLANG_ANALYZER_NONNULL = YES;
				CLANG_ANALYZER_NUMBER_OBJECT_CONVERSION = YES_AGGRESSIVE;
				CLANG_CXX_LANGUAGE_STANDARD = "gnu++14";
				CLANG_CXX_LIBRARY = "libc++";
				CLANG_ENABLE_MODULES = YES;
				CLANG_ENABLE_OBJC_ARC = YES;
				CLANG_WARN_BLOCK_CAPTURE_AUTORELEASING = YES;
				CLANG_WARN_BOOL_CONVERSION = YES;
				CLANG_WARN_COMMA = YES;
				CLANG_WARN_CONSTANT_CONVERSION = YES;
				CLANG_WARN_DIRECT_OBJC_ISA_USAGE = YES_ERROR;
				CLANG_WARN_DOCUMENTATION_COMMENTS = YES;
				CLANG_WARN_EMPTY_BODY = YES;
				CLANG_WARN_ENUM_CONVERSION = YES;
				CLANG_WARN_INFINITE_RECURSION = YES;
				CLANG_WARN_INT_CONVERSION = YES;
				CLANG_WARN_NON_LITERAL_NULL_CONVERSION = YES;
				CLANG_WARN_OBJC_LITERAL_CONVERSION = YES;
				CLANG_WARN_OBJC_ROOT_CLASS = YES_ERROR;
				CLANG_WARN_RANGE_LOOP_ANALYSIS = YES;
				CLANG_WARN_STRICT_PROTOTYPES = YES;
				CLANG_WARN_SUSPICIOUS_MOVE = YES;
				CLANG_WARN_UNGUARDED_AVAILABILITY = YES_AGGRESSIVE;
				CLANG_WARN_UNREACHABLE_CODE = YES;
				CLANG_WARN__DUPLICATE_METHOD_MATCH = YES;
				CODE_SIGN_IDENTITY = "iPhone Developer";
				COPY_PHASE_STRIP = NO;
				DEBUG_INFORMATION_FORMAT = "dwarf-with-dsym";
				ENABLE_NS_ASSERTIONS = NO;
				ENABLE_STRICT_OBJC_MSGSEND = YES;
				GCC_C_LANGUAGE_STANDARD = gnu11;
				GCC_NO_COMMON_BLOCKS = YES;
				GCC_WARN_64_TO_32_BIT_CONVERSION = YES;
				GCC_WARN_ABOUT_RETURN_TYPE = YES_ERROR;
				GCC_WARN_UNDECLARED_SELECTOR = YES;
				GCC_WARN_UNINITIALIZED_AUTOS = YES_AGGRESSIVE;
				GCC_WARN_UNUSED_FUNCTION = YES;
				GCC_WARN_UNUSED_VARIABLE = YES;
				IPHONEOS_DEPLOYMENT_TARGET = 11.2;
				MTL_ENABLE_DEBUG_INFO = NO;
				SDKROOT = iphoneos;
				SWIFT_OPTIMIZATION_LEVEL = "-Owholemodule";
				VALIDATE_PRODUCT = YES;
			};
			name = Release;
		};
		AFDA8DFE206D63C600FB5284 /* Debug */ = {
			isa = XCBuildConfiguration;
			buildSettings = {
				ASSETCATALOG_COMPILER_APPICON_NAME = AppIcon;
				CODE_SIGN_STYLE = Automatic;
				INFOPLIST_FILE = appleCore/Info.plist;
				LD_RUNPATH_SEARCH_PATHS = "$(inherited) @executable_path/Frameworks";
				PRODUCT_BUNDLE_IDENTIFIER = edu.nwmissouri.appleCore;
				PRODUCT_NAME = "$(TARGET_NAME)";
				SWIFT_VERSION = 4.0;
				TARGETED_DEVICE_FAMILY = "1,2";
			};
			name = Debug;
		};
		AFDA8DFF206D63C600FB5284 /* Release */ = {
			isa = XCBuildConfiguration;
			buildSettings = {
				ASSETCATALOG_COMPILER_APPICON_NAME = AppIcon;
				CODE_SIGN_STYLE = Automatic;
				INFOPLIST_FILE = appleCore/Info.plist;
				LD_RUNPATH_SEARCH_PATHS = "$(inherited) @executable_path/Frameworks";
				PRODUCT_BUNDLE_IDENTIFIER = edu.nwmissouri.appleCore;
				PRODUCT_NAME = "$(TARGET_NAME)";
				SWIFT_VERSION = 4.0;
				TARGETED_DEVICE_FAMILY = "1,2";
			};
			name = Release;
		};
/* End XCBuildConfiguration section */

/* Begin XCConfigurationList section */
		AFDA8DE3206D63C600FB5284 /* Build configuration list for PBXProject "appleCore" */ = {
			isa = XCConfigurationList;
			buildConfigurations = (
				AFDA8DFB206D63C600FB5284 /* Debug */,
				AFDA8DFC206D63C600FB5284 /* Release */,
			);
			defaultConfigurationIsVisible = 0;
			defaultConfigurationName = Release;
		};
		AFDA8DFD206D63C600FB5284 /* Build configuration list for PBXNativeTarget "appleCore" */ = {
			isa = XCConfigurationList;
			buildConfigurations = (
				AFDA8DFE206D63C600FB5284 /* Debug */,
				AFDA8DFF206D63C600FB5284 /* Release */,
			);
			defaultConfigurationIsVisible = 0;
			defaultConfigurationName = Release;
		};
/* End XCConfigurationList section */

/* Begin XCVersionGroup section */
		AFDA8DF2206D63C600FB5284 /* appleCore.xcdatamodeld */ = {
			isa = XCVersionGroup;
			children = (
				AFDA8DF3206D63C600FB5284 /* appleCore.xcdatamodel */,
			);
			currentVersion = AFDA8DF3206D63C600FB5284 /* appleCore.xcdatamodel */;
			path = appleCore.xcdatamodeld;
			sourceTree = "<group>";
			versionGroupType = wrapper.xcdatamodel;
		};
/* End XCVersionGroup section */
	};
	rootObject = AFDA8DE0206D63C600FB5284 /* Project object */;
}
